
Microsoft Visual Studio Solution File, Format Version 12.00
# Visual Studio Version 17
VisualStudioVersion = 17.8.34330.188
MinimumVisualStudioVersion = 10.0.40219.1
Project("{FAE04EC0-301F-11D3-BF4B-00C04F79EFBC}") = "FirstConsoleGame", "FirstConsoleGame\FirstConsoleGame.csproj", "{888A56A6-02FF-49E0-BEA4-198A5876066F}"
EndProject
Project("{9A19103F-16F7-4668-BE54-9A1E7A4F7556}") = "FirstConsoleGameTest", "FirstConsoleGameTest\FirstConsoleGameTest.csproj", "{35057894-A809-4AC9-A945-0166CDD14F12}"
EndProject
Project("{FAE04EC0-301F-11D3-BF4B-00C04F79EFBC}") = "ConsoleGameEngine", "ConsoleGameEngine\ConsoleGameEngine.csproj", "{B29C0540-562A-4F78-83C4-6A7B468E9290}"
EndProject
Project("{9A19103F-16F7-4668-BE54-9A1E7A4F7556}") = "ConsoleGameEngineTest", "ConsoleGameEngineTest\ConsoleGameEngineTest.csproj", "{07CBA839-98BF-4391-85A5-A3C6C4292568}"
EndProject
Global
	GlobalSection(SolutionConfigurationPlatforms) = preSolution
		Debug|x64 = Debug|x64
		Release|x64 = Release|x64
		UNIT_TEST|x64 = UNIT_TEST|x64
	EndGlobalSection
	GlobalSection(ProjectConfigurationPlatforms) = postSolution
		{888A56A6-02FF-49E0-BEA4-198A5876066F}.Debug|x64.ActiveCfg = Debug|x64
		{888A56A6-02FF-49E0-BEA4-198A5876066F}.Debug|x64.Build.0 = Debug|x64
		{888A56A6-02FF-49E0-BEA4-198A5876066F}.Release|x64.ActiveCfg = Release|x64
		{888A56A6-02FF-49E0-BEA4-198A5876066F}.Release|x64.Build.0 = Release|x64
		{888A56A6-02FF-49E0-BEA4-198A5876066F}.UNIT_TEST|x64.ActiveCfg = Release|x64
		{888A56A6-02FF-49E0-BEA4-198A5876066F}.UNIT_TEST|x64.Build.0 = Release|x64
		{35057894-A809-4AC9-A945-0166CDD14F12}.Debug|x64.ActiveCfg = Debug|x64
		{35057894-A809-4AC9-A945-0166CDD14F12}.Debug|x64.Build.0 = Debug|x64
		{35057894-A809-4AC9-A945-0166CDD14F12}.Release|x64.ActiveCfg = Release|x64
		{35057894-A809-4AC9-A945-0166CDD14F12}.Release|x64.Build.0 = Release|x64
		{35057894-A809-4AC9-A945-0166CDD14F12}.UNIT_TEST|x64.ActiveCfg = Release|x64
		{35057894-A809-4AC9-A945-0166CDD14F12}.UNIT_TEST|x64.Build.0 = Release|x64
		{B29C0540-562A-4F78-83C4-6A7B468E9290}.Debug|x64.ActiveCfg = Debug|x64
		{B29C0540-562A-4F78-83C4-6A7B468E9290}.Debug|x64.Build.0 = Debug|x64
		{B29C0540-562A-4F78-83C4-6A7B468E9290}.Release|x64.ActiveCfg = Release|x64
		{B29C0540-562A-4F78-83C4-6A7B468E9290}.UNIT_TEST|x64.ActiveCfg = UNIT_TEST|x64
		{B29C0540-562A-4F78-83C4-6A7B468E9290}.UNIT_TEST|x64.Build.0 = UNIT_TEST|x64
		{07CBA839-98BF-4391-85A5-A3C6C4292568}.Debug|x64.ActiveCfg = Debug|x64
		{07CBA839-98BF-4391-85A5-A3C6C4292568}.Debug|x64.Build.0 = Debug|x64
		{07CBA839-98BF-4391-85A5-A3C6C4292568}.Release|x64.ActiveCfg = Release|x64
		{07CBA839-98BF-4391-85A5-A3C6C4292568}.UNIT_TEST|x64.ActiveCfg = Release|x64
		{07CBA839-98BF-4391-85A5-A3C6C4292568}.UNIT_TEST|x64.Build.0 = Release|x64
	EndGlobalSection
	GlobalSection(SolutionProperties) = preSolution
		HideSolutionNode = FALSE
	EndGlobalSection
	GlobalSection(ExtensibilityGlobals) = postSolution
		SolutionGuid = {BBBDF382-6384-4A76-BACA-A869E2273A2B}
	EndGlobalSection
EndGlobal
